
Microsoft Visual Studio Solution File, Format Version 12.00
# Visual Studio 15
VisualStudioVersion = 15.0.27130.2003
MinimumVisualStudioVersion = 10.0.40219.1
Project("{2150E333-8FDC-42A3-9474-1A3956D46DE8}") = "0 - Presentation", "0 - Presentation", "{0455372B-8A33-4B57-8419-EBE3FA48CD30}"
EndProject
Project("{2150E333-8FDC-42A3-9474-1A3956D46DE8}") = "1 - Services", "1 - Services", "{993E3336-531F-453F-8E49-EEAEC74BD6F2}"
EndProject
Project("{2150E333-8FDC-42A3-9474-1A3956D46DE8}") = "2 - Application", "2 - Application", "{DA5064DA-5938-498C-9D63-EA11E60D1F61}"
EndProject
Project("{2150E333-8FDC-42A3-9474-1A3956D46DE8}") = "3 - Domain", "3 - Domain", "{8F580E8D-6E6C-46A7-A8A6-E69095CD187B}"
EndProject
Project("{2150E333-8FDC-42A3-9474-1A3956D46DE8}") = "4 - Infra", "4 - Infra", "{64BCB73F-A623-4F10-9EA6-576E2BBBD195}"
EndProject
Project("{2150E333-8FDC-42A3-9474-1A3956D46DE8}") = "4.1 - CrossCutting", "4.1 - CrossCutting", "{432ABA00-C0C7-4A16-A41E-38D19ABF7023}"
EndProject
Project("{2150E333-8FDC-42A3-9474-1A3956D46DE8}") = "4.1 - Data", "4.1 - Data", "{B1E6AC09-FA25-4C2F-B46A-F9F54FA2EE22}"
EndProject
Project("{FAE04EC0-301F-11D3-BF4B-00C04F79EFBC}") = "ECOM.Web", "ECOM.Web\ECOM.Web.csproj", "{051AB304-64D8-41CB-B785-0BEACAB11D35}"
EndProject
Project("{FAE04EC0-301F-11D3-BF4B-00C04F79EFBC}") = "ECOM.Infra.Data", "ECOM.Infra.Data\ECOM.Infra.Data.csproj", "{20E14FC3-266F-4545-9DE6-23571BD741D9}"
EndProject
Project("{FAE04EC0-301F-11D3-BF4B-00C04F79EFBC}") = "ECOM.Application", "ECOM.Application\ECOM.Application.csproj", "{966FEF37-9205-4D68-9D13-B1C8BE11F48A}"
EndProject
Project("{FAE04EC0-301F-11D3-BF4B-00C04F79EFBC}") = "ECOM.API", "ECOM.API\ECOM.API.csproj", "{10F4AAAA-9954-424C-B39D-08D326CBB72E}"
EndProject
Project("{2150E333-8FDC-42A3-9474-1A3956D46DE8}") = "4.1 - IoC", "4.1 - IoC", "{E695B053-171E-457F-92FD-BF9E39C46D9F}"
EndProject
Project("{FAE04EC0-301F-11D3-BF4B-00C04F79EFBC}") = "ECOM.Infra.IoC", "ECOM.IoC\ECOM.Infra.IoC.csproj", "{37970EEA-4EC4-4B63-A739-04FE54BAA70B}"
EndProject
Project("{FAE04EC0-301F-11D3-BF4B-00C04F79EFBC}") = "ECOM.Infra.CrossCutting", "ECOM.Exceptions\ECOM.Infra.CrossCutting.csproj", "{2CA29B22-C43D-4336-9C7D-4571CAB705F6}"
EndProject
Project("{FAE04EC0-301F-11D3-BF4B-00C04F79EFBC}") = "ECOM.Domain", "ECOM.Domain\ECOM.Domain.csproj", "{CE56ACD2-EA35-435B-8B6F-C951B6BCC3FC}"
EndProject
Project("{FAE04EC0-301F-11D3-BF4B-00C04F79EFBC}") = "ECOM.Web.TestPresentation", "TestPresentation\ECOM.Web.TestPresentation.csproj", "{C3AD7D6F-0C28-482F-A91D-33602168E953}"
EndProject
Global
	GlobalSection(SolutionConfigurationPlatforms) = preSolution
		Debug|Any CPU = Debug|Any CPU
		Release|Any CPU = Release|Any CPU
	EndGlobalSection
	GlobalSection(ProjectConfigurationPlatforms) = postSolution
		{051AB304-64D8-41CB-B785-0BEACAB11D35}.Debug|Any CPU.ActiveCfg = Debug|Any CPU
		{051AB304-64D8-41CB-B785-0BEACAB11D35}.Debug|Any CPU.Build.0 = Debug|Any CPU
		{051AB304-64D8-41CB-B785-0BEACAB11D35}.Release|Any CPU.ActiveCfg = Release|Any CPU
		{051AB304-64D8-41CB-B785-0BEACAB11D35}.Release|Any CPU.Build.0 = Release|Any CPU
		{20E14FC3-266F-4545-9DE6-23571BD741D9}.Debug|Any CPU.ActiveCfg = Debug|Any CPU
		{20E14FC3-266F-4545-9DE6-23571BD741D9}.Debug|Any CPU.Build.0 = Debug|Any CPU
		{20E14FC3-266F-4545-9DE6-23571BD741D9}.Release|Any CPU.ActiveCfg = Release|Any CPU
		{20E14FC3-266F-4545-9DE6-23571BD741D9}.Release|Any CPU.Build.0 = Release|Any CPU
		{966FEF37-9205-4D68-9D13-B1C8BE11F48A}.Debug|Any CPU.ActiveCfg = Debug|Any CPU
		{966FEF37-9205-4D68-9D13-B1C8BE11F48A}.Debug|Any CPU.Build.0 = Debug|Any CPU
		{966FEF37-9205-4D68-9D13-B1C8BE11F48A}.Release|Any CPU.ActiveCfg = Release|Any CPU
		{966FEF37-9205-4D68-9D13-B1C8BE11F48A}.Release|Any CPU.Build.0 = Release|Any CPU
		{10F4AAAA-9954-424C-B39D-08D326CBB72E}.Debug|Any CPU.ActiveCfg = Debug|Any CPU
		{10F4AAAA-9954-424C-B39D-08D326CBB72E}.Debug|Any CPU.Build.0 = Debug|Any CPU
		{10F4AAAA-9954-424C-B39D-08D326CBB72E}.Release|Any CPU.ActiveCfg = Release|Any CPU
		{10F4AAAA-9954-424C-B39D-08D326CBB72E}.Release|Any CPU.Build.0 = Release|Any CPU
		{37970EEA-4EC4-4B63-A739-04FE54BAA70B}.Debug|Any CPU.ActiveCfg = Debug|Any CPU
		{37970EEA-4EC4-4B63-A739-04FE54BAA70B}.Debug|Any CPU.Build.0 = Debug|Any CPU
		{37970EEA-4EC4-4B63-A739-04FE54BAA70B}.Release|Any CPU.ActiveCfg = Release|Any CPU
		{37970EEA-4EC4-4B63-A739-04FE54BAA70B}.Release|Any CPU.Build.0 = Release|Any CPU
		{2CA29B22-C43D-4336-9C7D-4571CAB705F6}.Debug|Any CPU.ActiveCfg = Debug|Any CPU
		{2CA29B22-C43D-4336-9C7D-4571CAB705F6}.Debug|Any CPU.Build.0 = Debug|Any CPU
		{2CA29B22-C43D-4336-9C7D-4571CAB705F6}.Release|Any CPU.ActiveCfg = Release|Any CPU
		{2CA29B22-C43D-4336-9C7D-4571CAB705F6}.Release|Any CPU.Build.0 = Release|Any CPU
		{CE56ACD2-EA35-435B-8B6F-C951B6BCC3FC}.Debug|Any CPU.ActiveCfg = Debug|Any CPU
		{CE56ACD2-EA35-435B-8B6F-C951B6BCC3FC}.Debug|Any CPU.Build.0 = Debug|Any CPU
		{CE56ACD2-EA35-435B-8B6F-C951B6BCC3FC}.Release|Any CPU.ActiveCfg = Release|Any CPU
		{CE56ACD2-EA35-435B-8B6F-C951B6BCC3FC}.Release|Any CPU.Build.0 = Release|Any CPU
		{C3AD7D6F-0C28-482F-A91D-33602168E953}.Debug|Any CPU.ActiveCfg = Debug|Any CPU
		{C3AD7D6F-0C28-482F-A91D-33602168E953}.Debug|Any CPU.Build.0 = Debug|Any CPU
		{C3AD7D6F-0C28-482F-A91D-33602168E953}.Release|Any CPU.ActiveCfg = Release|Any CPU
		{C3AD7D6F-0C28-482F-A91D-33602168E953}.Release|Any CPU.Build.0 = Release|Any CPU
	EndGlobalSection
	GlobalSection(SolutionProperties) = preSolution
		HideSolutionNode = FALSE
	EndGlobalSection
	GlobalSection(NestedProjects) = preSolution
		{432ABA00-C0C7-4A16-A41E-38D19ABF7023} = {64BCB73F-A623-4F10-9EA6-576E2BBBD195}
		{B1E6AC09-FA25-4C2F-B46A-F9F54FA2EE22} = {64BCB73F-A623-4F10-9EA6-576E2BBBD195}
		{051AB304-64D8-41CB-B785-0BEACAB11D35} = {0455372B-8A33-4B57-8419-EBE3FA48CD30}
		{20E14FC3-266F-4545-9DE6-23571BD741D9} = {B1E6AC09-FA25-4C2F-B46A-F9F54FA2EE22}
		{966FEF37-9205-4D68-9D13-B1C8BE11F48A} = {DA5064DA-5938-498C-9D63-EA11E60D1F61}
		{10F4AAAA-9954-424C-B39D-08D326CBB72E} = {993E3336-531F-453F-8E49-EEAEC74BD6F2}
		{E695B053-171E-457F-92FD-BF9E39C46D9F} = {64BCB73F-A623-4F10-9EA6-576E2BBBD195}
		{37970EEA-4EC4-4B63-A739-04FE54BAA70B} = {E695B053-171E-457F-92FD-BF9E39C46D9F}
		{2CA29B22-C43D-4336-9C7D-4571CAB705F6} = {432ABA00-C0C7-4A16-A41E-38D19ABF7023}
		{CE56ACD2-EA35-435B-8B6F-C951B6BCC3FC} = {8F580E8D-6E6C-46A7-A8A6-E69095CD187B}
		{C3AD7D6F-0C28-482F-A91D-33602168E953} = {0455372B-8A33-4B57-8419-EBE3FA48CD30}
	EndGlobalSection
	GlobalSection(ExtensibilityGlobals) = postSolution
		SolutionGuid = {C373C423-3A49-4FEE-9F7A-F6FF09907B04}
	EndGlobalSection
EndGlobal
